hash: eaec8facb58cd6f7f94bfd6868455fc87a04b4099365f6ffc31820ef3d95aa96
updated: 2017-02-11T19:19:33.457644579+08:00
imports:
- name: github.com/go-kit/kit
  version: f66b0e13579bfc5a48b9e2a94b1209c107ea1f41
  subpackages:
  - endpoint
  - log
  - metrics
  - metrics/generic
  - metrics/influx
  - metrics/internal/lv
  - transport/http
- name: github.com/go-logfmt/logfmt
  version: 538518f3a61c040f3d15f05decfffef6bd0302bc
- name: github.com/go-stack/stack
  version: 100eb0c0a9c5b306ca2fb4f165df21d80ada4b82
- name: github.com/gorilla/context
  version: 08b5f424b9271eedf6f9f0ce86cb9396ed337a42
- name: github.com/gorilla/mux
  version: 392c28fe23e1c45ddba891b0320b3b5df220beea
- name: github.com/influxdata/influxdb
  version: afbfa0086fc0d5b6e2755c5169a381186c27db86
  subpackages:
  - client/v2
  - models
  - pkg/escape
- name: github.com/kr/logfmt
  version: b84e30acd515aadc4b783ad4ff83aff3299bdfe0
- name: github.com/VividCortex/gohistogram
  version: 51564d9861991fb0ad0f531c99ef602d0f9866e6
- name: golang.org/x/net
  version: 55a3084c9119aeb9ba2437d595b0a7e9cb635da9
  subpackages:
  - context
  - context/ctxhttp
testImports: []
